// !$*UTF8*$!
{
	archiveVersion = 1;
	classes = {
	};
	objectVersion = 46;
	objects = {

/* Begin PBXBuildFile section */
		80527A42222753BD0DC9B12D /* Pods_HomeTapHomie.framework in Frameworks */ = {isa = PBXBuildFile; fileRef = 7370E7BE00CC68F72AC542FD /* Pods_HomeTapHomie.framework */; };
		B801E8DB1F627AAF00208756 /* web_hi_res_512.png in Resources */ = {isa = PBXBuildFile; fileRef = B801E8DA1F627AAF00208756 /* web_hi_res_512.png */; };
		B801E8DD1F627BE200208756 /* LOGO.bmp in Resources */ = {isa = PBXBuildFile; fileRef = B801E8DC1F627BE200208756 /* LOGO.bmp */; };
		B801E8DF1F627C3500208756 /* start.bmp in Resources */ = {isa = PBXBuildFile; fileRef = B801E8DE1F627C3500208756 /* start.bmp */; };
		B805FB0E1F1AA86B00B7DE41 /* AppDelegate.swift in Sources */ = {isa = PBXBuildFile; fileRef = B805FB0D1F1AA86B00B7DE41 /* AppDelegate.swift */; };
		B805FB131F1AA86B00B7DE41 /* Main.storyboard in Resources */ = {isa = PBXBuildFile; fileRef = B805FB111F1AA86B00B7DE41 /* Main.storyboard */; };
		B805FB151F1AA86B00B7DE41 /* Assets.xcassets in Resources */ = {isa = PBXBuildFile; fileRef = B805FB141F1AA86B00B7DE41 /* Assets.xcassets */; };
		B805FB181F1AA86B00B7DE41 /* LaunchScreen.storyboard in Resources */ = {isa = PBXBuildFile; fileRef = B805FB161F1AA86B00B7DE41 /* LaunchScreen.storyboard */; };
		B805FB231F1AA86B00B7DE41 /* HomeTapHomieTests.swift in Sources */ = {isa = PBXBuildFile; fileRef = B805FB221F1AA86B00B7DE41 /* HomeTapHomieTests.swift */; };
		B805FB2E1F1AA86B00B7DE41 /* HomeTapHomieUITests.swift in Sources */ = {isa = PBXBuildFile; fileRef = B805FB2D1F1AA86B00B7DE41 /* HomeTapHomieUITests.swift */; };
		B805FB5B1F1ADE3000B7DE41 /* CalendarViewController.swift in Sources */ = {isa = PBXBuildFile; fileRef = B805FB5A1F1ADE3000B7DE41 /* CalendarViewController.swift */; };
		B805FB5D1F1ADE3E00B7DE41 /* InventoryViewController.swift in Sources */ = {isa = PBXBuildFile; fileRef = B805FB5C1F1ADE3E00B7DE41 /* InventoryViewController.swift */; };
		B805FB5F1F1ADE5300B7DE41 /* HistoryViewController.swift in Sources */ = {isa = PBXBuildFile; fileRef = B805FB5E1F1ADE5300B7DE41 /* HistoryViewController.swift */; };
		B805FB611F1ADE5E00B7DE41 /* ProfileViewController.swift in Sources */ = {isa = PBXBuildFile; fileRef = B805FB601F1ADE5E00B7DE41 /* ProfileViewController.swift */; };
		B805FB651F1ADF4D00B7DE41 /* MainViewController.swift in Sources */ = {isa = PBXBuildFile; fileRef = B805FB641F1ADF4D00B7DE41 /* MainViewController.swift */; };
		B817C69F1F3B36390078629C /* AdditionalServices.swift in Sources */ = {isa = PBXBuildFile; fileRef = B817C6941F3B36390078629C /* AdditionalServices.swift */; };
		B817C6A01F3B36390078629C /* Calendar.swift in Sources */ = {isa = PBXBuildFile; fileRef = B817C6951F3B36390078629C /* Calendar.swift */; };
		B817C6A11F3B36390078629C /* Client.swift in Sources */ = {isa = PBXBuildFile; fileRef = B817C6961F3B36390078629C /* Client.swift */; };
		B817C6A21F3B36390078629C /* Constants.swift in Sources */ = {isa = PBXBuildFile; fileRef = B817C6971F3B36390078629C /* Constants.swift */; };
		B817C6A31F3B36390078629C /* extensions.swift in Sources */ = {isa = PBXBuildFile; fileRef = B817C6981F3B36390078629C /* extensions.swift */; };
		B817C6A41F3B36390078629C /* HometapObject.swift in Sources */ = {isa = PBXBuildFile; fileRef = B817C6991F3B36390078629C /* HometapObject.swift */; };
		B817C6A51F3B36390078629C /* Homie.swift in Sources */ = {isa = PBXBuildFile; fileRef = B817C69A1F3B36390078629C /* Homie.swift */; };
		B817C6A61F3B36390078629C /* Place.swift in Sources */ = {isa = PBXBuildFile; fileRef = B817C69B1F3B36390078629C /* Place.swift */; };
		B817C6A71F3B36390078629C /* Product.swift in Sources */ = {isa = PBXBuildFile; fileRef = B817C69C1F3B36390078629C /* Product.swift */; };
		B817C6A81F3B36390078629C /* Service.swift in Sources */ = {isa = PBXBuildFile; fileRef = B817C69D1F3B36390078629C /* Service.swift */; };
		B817C6A91F3B36390078629C /* User.swift in Sources */ = {isa = PBXBuildFile; fileRef = B817C69E1F3B36390078629C /* User.swift */; };
		B820639A1F48E483000B2E71 /* iconArrowGreen.png in Resources */ = {isa = PBXBuildFile; fileRef = B82063991F48E483000B2E71 /* iconArrowGreen.png */; };
		B82063AB1F48EBA3000B2E71 /* iconStarEmpty.png in Resources */ = {isa = PBXBuildFile; fileRef = B820639B1F48EBA3000B2E71 /* iconStarEmpty.png */; };
		B82063AC1F48EBA3000B2E71 /* iconStarFilled.png in Resources */ = {isa = PBXBuildFile; fileRef = B820639C1F48EBA3000B2E71 /* iconStarFilled.png */; };
		B82063AD1F48EBA3000B2E71 /* iconInventoryGray.png in Resources */ = {isa = PBXBuildFile; fileRef = B820639D1F48EBA3000B2E71 /* iconInventoryGray.png */; };
		B82063AE1F48EBA3000B2E71 /* iconInventoryGreen.png in Resources */ = {isa = PBXBuildFile; fileRef = B820639E1F48EBA3000B2E71 /* iconInventoryGreen.png */; };
		B82063AF1F48EBA3000B2E71 /* iconProfileGray.png in Resources */ = {isa = PBXBuildFile; fileRef = B820639F1F48EBA3000B2E71 /* iconProfileGray.png */; };
		B82063B01F48EBA3000B2E71 /* iconProfileGreen.png in Resources */ = {isa = PBXBuildFile; fileRef = B82063A01F48EBA3000B2E71 /* iconProfileGreen.png */; };
		B82063B11F48EBA3000B2E71 /* iconAdressGray.png in Resources */ = {isa = PBXBuildFile; fileRef = B82063A11F48EBA3000B2E71 /* iconAdressGray.png */; };
		B82063B21F48EBA3000B2E71 /* iconAdressGreen.png in Resources */ = {isa = PBXBuildFile; fileRef = B82063A21F48EBA3000B2E71 /* iconAdressGreen.png */; };
		B82063B41F48EBA3000B2E71 /* iconCalendarGreen.png in Resources */ = {isa = PBXBuildFile; fileRef = B82063A41F48EBA3000B2E71 /* iconCalendarGreen.png */; };
		B82063B51F48EBA3000B2E71 /* iconCreditCardGray.png in Resources */ = {isa = PBXBuildFile; fileRef = B82063A51F48EBA3000B2E71 /* iconCreditCardGray.png */; };
		B82063B61F48EBA3000B2E71 /* iconCreditCardGreen.png in Resources */ = {isa = PBXBuildFile; fileRef = B82063A61F48EBA3000B2E71 /* iconCreditCardGreen.png */; };
		B82063B71F48EBA3000B2E71 /* iconHistoryGray.png in Resources */ = {isa = PBXBuildFile; fileRef = B82063A71F48EBA3000B2E71 /* iconHistoryGray.png */; };
		B82063B81F48EBA3000B2E71 /* iconHistoryGreen.png in Resources */ = {isa = PBXBuildFile; fileRef = B82063A81F48EBA3000B2E71 /* iconHistoryGreen.png */; };
		B82063B91F48EBA3000B2E71 /* iconHouseGray.png in Resources */ = {isa = PBXBuildFile; fileRef = B82063A91F48EBA3000B2E71 /* iconHouseGray.png */; };
		B82063BA1F48EBA3000B2E71 /* iconHouseGreen.png in Resources */ = {isa = PBXBuildFile; fileRef = B82063AA1F48EBA3000B2E71 /* iconHouseGreen.png */; };
		B82063BC1F48EE4E000B2E71 /* iconCalendarGray.png in Resources */ = {isa = PBXBuildFile; fileRef = B82063BB1F48EE4E000B2E71 /* iconCalendarGray.png */; };
		B82532F51F317DF900F6FA36 /* GoogleService-Info.plist in Resources */ = {isa = PBXBuildFile; fileRef = B82532F41F317DF900F6FA36 /* GoogleService-Info.plist */; };
		B82CD63C1F2BB0D9009CFEEB /* HomeServicesViewController.swift in Sources */ = {isa = PBXBuildFile; fileRef = B82CD63B1F2BB0D9009CFEEB /* HomeServicesViewController.swift */; };
		B82CD63F1F2BCF3F009CFEEB /* CustomTableViewCell.swift in Sources */ = {isa = PBXBuildFile; fileRef = B82CD63D1F2BCF3F009CFEEB /* CustomTableViewCell.swift */; };
		B82CD6401F2BCF3F009CFEEB /* CustomTableViewCell.xib in Resources */ = {isa = PBXBuildFile; fileRef = B82CD63E1F2BCF3F009CFEEB /* CustomTableViewCell.xib */; };
		B82E88F41F434C2100DE95A7 /* MaterialTapBarViewController.swift in Sources */ = {isa = PBXBuildFile; fileRef = B82E88F31F434C2100DE95A7 /* MaterialTapBarViewController.swift */; };
		B82E88FB1F44F82600DE95A7 /* CustomView.swift in Sources */ = {isa = PBXBuildFile; fileRef = B82E88FA1F44F82600DE95A7 /* CustomView.swift */; };
		B837B62C1F2D298E006F5626 /* OFL.txt in Resources */ = {isa = PBXBuildFile; fileRef = B837B6211F2D298E006F5626 /* OFL.txt */; };
		B837B62D1F2D298E006F5626 /* Rubik-Black.ttf in Resources */ = {isa = PBXBuildFile; fileRef = B837B6221F2D298E006F5626 /* Rubik-Black.ttf */; };
		B837B62E1F2D298E006F5626 /* Rubik-BlackItalic.ttf in Resources */ = {isa = PBXBuildFile; fileRef = B837B6231F2D298E006F5626 /* Rubik-BlackItalic.ttf */; };
		B837B62F1F2D298E006F5626 /* Rubik-Bold.ttf in Resources */ = {isa = PBXBuildFile; fileRef = B837B6241F2D298E006F5626 /* Rubik-Bold.ttf */; };
		B837B6301F2D298E006F5626 /* Rubik-BoldItalic.ttf in Resources */ = {isa = PBXBuildFile; fileRef = B837B6251F2D298E006F5626 /* Rubik-BoldItalic.ttf */; };
		B837B6311F2D298E006F5626 /* Rubik-Italic.ttf in Resources */ = {isa = PBXBuildFile; fileRef = B837B6261F2D298E006F5626 /* Rubik-Italic.ttf */; };
		B837B6321F2D298E006F5626 /* Rubik-Light.ttf in Resources */ = {isa = PBXBuildFile; fileRef = B837B6271F2D298E006F5626 /* Rubik-Light.ttf */; };
		B837B6331F2D298E006F5626 /* Rubik-LightItalic.ttf in Resources */ = {isa = PBXBuildFile; fileRef = B837B6281F2D298E006F5626 /* Rubik-LightItalic.ttf */; };
		B837B6341F2D298E006F5626 /* Rubik-Medium.ttf in Resources */ = {isa = PBXBuildFile; fileRef = B837B6291F2D298E006F5626 /* Rubik-Medium.ttf */; };
		B837B6351F2D298E006F5626 /* Rubik-MediumItalic.ttf in Resources */ = {isa = PBXBuildFile; fileRef = B837B62A1F2D298E006F5626 /* Rubik-MediumItalic.ttf */; };
		B837B6361F2D298E006F5626 /* Rubik-Regular.ttf in Resources */ = {isa = PBXBuildFile; fileRef = B837B62B1F2D298E006F5626 /* Rubik-Regular.ttf */; };
		B83C247B1F2CD765008548E6 /* objectCell.swift in Sources */ = {isa = PBXBuildFile; fileRef = B83C247A1F2CD765008548E6 /* objectCell.swift */; };
		B83D3DCC1F25EC58006B4B4F /* InventoryLevel.swift in Sources */ = {isa = PBXBuildFile; fileRef = B83D3DCB1F25EC58006B4B4F /* InventoryLevel.swift */; };
		B84367CA1F1E8C2D0085D5A3 /* AuthViewController.swift in Sources */ = {isa = PBXBuildFile; fileRef = B84367C91F1E8C2D0085D5A3 /* AuthViewController.swift */; };
		B84367CC1F1E97D50085D5A3 /* Login.png in Resources */ = {isa = PBXBuildFile; fileRef = B84367CB1F1E97D50085D5A3 /* Login.png */; };
		B84367CF1F1FE13C0085D5A3 /* SignInViewController.swift in Sources */ = {isa = PBXBuildFile; fileRef = B84367CE1F1FE13C0085D5A3 /* SignInViewController.swift */; };
		B843680F1F2018F10085D5A3 /* ChangeNameViewController.swift in Sources */ = {isa = PBXBuildFile; fileRef = B843680E1F2018F10085D5A3 /* ChangeNameViewController.swift */; };
		B850BCEF1F41705100033E51 /* iconInventoryBlue.png in Resources */ = {isa = PBXBuildFile; fileRef = B850BCC41F41705100033E51 /* iconInventoryBlue.png */; };
		B850BCF21F41705100033E51 /* iconInventoryPink.png in Resources */ = {isa = PBXBuildFile; fileRef = B850BCC71F41705100033E51 /* iconInventoryPink.png */; };
		B850BCF31F41705100033E51 /* iconInventoryYellow.png in Resources */ = {isa = PBXBuildFile; fileRef = B850BCC81F41705100033E51 /* iconInventoryYellow.png */; };
		B850BCF41F41705100033E51 /* iconNoPhoto.png in Resources */ = {isa = PBXBuildFile; fileRef = B850BCC91F41705100033E51 /* iconNoPhoto.png */; };
		B850BCF81F41705100033E51 /* iconServiceBooked.png in Resources */ = {isa = PBXBuildFile; fileRef = B850BCCD1F41705100033E51 /* iconServiceBooked.png */; };
		B850BCF91F41705100033E51 /* iconServiceChecked.png in Resources */ = {isa = PBXBuildFile; fileRef = B850BCCE1F41705100033E51 /* iconServiceChecked.png */; };
		B850BD061F41705100033E51 /* illustrationNoBookings.png in Resources */ = {isa = PBXBuildFile; fileRef = B850BCDB1F41705100033E51 /* illustrationNoBookings.png */; };
		B86200CB1F6282DC000278B2 /* ViewControllerStartService.swift in Sources */ = {isa = PBXBuildFile; fileRef = B86200CA1F6282DC000278B2 /* ViewControllerStartService.swift */; };
		B86200CD1F6282F6000278B2 /* ViewControllerEndService.swift in Sources */ = {isa = PBXBuildFile; fileRef = B86200CC1F6282F6000278B2 /* ViewControllerEndService.swift */; };
		B86200CF1F628D00000278B2 /* ViewControllerServiceDone.swift in Sources */ = {isa = PBXBuildFile; fileRef = B86200CE1F628D00000278B2 /* ViewControllerServiceDone.swift */; };
		B86D1BD01F21528C00DBF9B9 /* ChangePasswordViewController.swift in Sources */ = {isa = PBXBuildFile; fileRef = B86D1BCF1F21528C00DBF9B9 /* ChangePasswordViewController.swift */; };
		B86D1BD21F21529A00DBF9B9 /* ChangeEmailViewController.swift in Sources */ = {isa = PBXBuildFile; fileRef = B86D1BD11F21529A00DBF9B9 /* ChangeEmailViewController.swift */; };
		B86D1BD41F2152AB00DBF9B9 /* ChangePhoneViewController.swift in Sources */ = {isa = PBXBuildFile; fileRef = B86D1BD31F2152AB00DBF9B9 /* ChangePhoneViewController.swift */; };
		B8A75F9D1F3D0E23006072B1 /* HomeSummaryServiceViewController.swift in Sources */ = {isa = PBXBuildFile; fileRef = B8A75F9C1F3D0E23006072B1 /* HomeSummaryServiceViewController.swift */; };
		B8A75F9F1F3E4CEE006072B1 /* HistoryServiceSummaryViewController.swift in Sources */ = {isa = PBXBuildFile; fileRef = B8A75F9E1F3E4CEE006072B1 /* HistoryServiceSummaryViewController.swift */; };
		B8CE52EE1F3049CC0072FF98 /* CustomHistoryTableViewCell.swift in Sources */ = {isa = PBXBuildFile; fileRef = B8CE52EC1F3049CC0072FF98 /* CustomHistoryTableViewCell.swift */; };
		B8CE52EF1F3049CC0072FF98 /* CustomHistoryTableViewCell.xib in Resources */ = {isa = PBXBuildFile; fileRef = B8CE52ED1F3049CC0072FF98 /* CustomHistoryTableViewCell.xib */; };
/* End PBXBuildFile section */

/* Begin PBXContainerItemProxy section */
		B805FB1F1F1AA86B00B7DE41 /* PBXContainerItemProxy */ = {
			isa = PBXContainerItemProxy;
			containerPortal = B805FB021F1AA86B00B7DE41 /* Project object */;
			proxyType = 1;
			remoteGlobalIDString = B805FB091F1AA86B00B7DE41;
			remoteInfo = HomeTapHomie;
		};
		B805FB2A1F1AA86B00B7DE41 /* PBXContainerItemProxy */ = {
			isa = PBXContainerItemProxy;
			containerPortal = B805FB021F1AA86B00B7DE41 /* Project object */;
			proxyType = 1;
			remoteGlobalIDString = B805FB091F1AA86B00B7DE41;
			remoteInfo = HomeTapHomie;
		};
/* End PBXContainerItemProxy section */

/* Begin PBXFileReference section */
		1CE56ED0F50C18388C527648 /* Pods-HomeTapHomie.debug.xcconfig */ = {isa = PBXFileReference; includeInIndex = 1; lastKnownFileType = text.xcconfig; name = "Pods-HomeTapHomie.debug.xcconfig"; path = "Pods/Target Support Files/Pods-HomeTapHomie/Pods-HomeTapHomie.debug.xcconfig"; sourceTree = "<group>"; };
		7370E7BE00CC68F72AC542FD /* Pods_HomeTapHomie.framework */ = {isa = PBXFileReference; explicitFileType = wrapper.framework; includeInIndex = 0; path = Pods_HomeTapHomie.framework; sourceTree = BUILT_PRODUCTS_DIR; };
		B801E8DA1F627AAF00208756 /* web_hi_res_512.png */ = {isa = PBXFileReference; lastKnownFileType = image.png; path = web_hi_res_512.png; sourceTree = "<group>"; };
		B801E8DC1F627BE200208756 /* LOGO.bmp */ = {isa = PBXFileReference; lastKnownFileType = image.bmp; path = LOGO.bmp; sourceTree = "<group>"; };
		B801E8DE1F627C3500208756 /* start.bmp */ = {isa = PBXFileReference; lastKnownFileType = image.bmp; path = start.bmp; sourceTree = "<group>"; };
		B805FB0A1F1AA86B00B7DE41 /* HomeTapHomie.app */ = {isa = PBXFileReference; explicitFileType = wrapper.application; includeInIndex = 0; path = HomeTapHomie.app; sourceTree = BUILT_PRODUCTS_DIR; };
		B805FB0D1F1AA86B00B7DE41 /* AppDelegate.swift */ = {isa = PBXFileReference; lastKnownFileType = sourcecode.swift; path = AppDelegate.swift; sourceTree = "<group>"; };
		B805FB121F1AA86B00B7DE41 /* Base */ = {isa = PBXFileReference; lastKnownFileType = file.storyboard; name = Base; path = Base.lproj/Main.storyboard; sourceTree = "<group>"; };
		B805FB141F1AA86B00B7DE41 /* Assets.xcassets */ = {isa = PBXFileReference; lastKnownFileType = folder.assetcatalog; path = Assets.xcassets; sourceTree = "<group>"; };
		B805FB171F1AA86B00B7DE41 /* Base */ = {isa = PBXFileReference; lastKnownFileType = file.storyboard; name = Base; path = Base.lproj/LaunchScreen.storyboard; sourceTree = "<group>"; };
		B805FB191F1AA86B00B7DE41 /* Info.plist */ = {isa = PBXFileReference; lastKnownFileType = text.plist.xml; path = Info.plist; sourceTree = "<group>"; };
		B805FB1E1F1AA86B00B7DE41 /* HomeTapHomieTests.xctest */ = {isa = PBXFileReference; explicitFileType = wrapper.cfbundle; includeInIndex = 0; path = HomeTapHomieTests.xctest; sourceTree = BUILT_PRODUCTS_DIR; };
		B805FB221F1AA86B00B7DE41 /* HomeTapHomieTests.swift */ = {isa = PBXFileReference; lastKnownFileType = sourcecode.swift; path = HomeTapHomieTests.swift; sourceTree = "<group>"; };
		B805FB241F1AA86B00B7DE41 /* Info.plist */ = {isa = PBXFileReference; lastKnownFileType = text.plist.xml; path = Info.plist; sourceTree = "<group>"; };
		B805FB291F1AA86B00B7DE41 /* HomeTapHomieUITests.xctest */ = {isa = PBXFileReference; explicitFileType = wrapper.cfbundle; includeInIndex = 0; path = HomeTapHomieUITests.xctest; sourceTree = BUILT_PRODUCTS_DIR; };
		B805FB2D1F1AA86B00B7DE41 /* HomeTapHomieUITests.swift */ = {isa = PBXFileReference; lastKnownFileType = sourcecode.swift; path = HomeTapHomieUITests.swift; sourceTree = "<group>"; };
		B805FB2F1F1AA86B00B7DE41 /* Info.plist */ = {isa = PBXFileReference; lastKnownFileType = text.plist.xml; path = Info.plist; sourceTree = "<group>"; };
		B805FB5A1F1ADE3000B7DE41 /* CalendarViewController.swift */ = {isa = PBXFileReference; fileEncoding = 4; lastKnownFileType = sourcecode.swift; path = CalendarViewController.swift; sourceTree = "<group>"; };
		B805FB5C1F1ADE3E00B7DE41 /* InventoryViewController.swift */ = {isa = PBXFileReference; fileEncoding = 4; lastKnownFileType = sourcecode.swift; path = InventoryViewController.swift; sourceTree = "<group>"; };
		B805FB5E1F1ADE5300B7DE41 /* HistoryViewController.swift */ = {isa = PBXFileReference; fileEncoding = 4; lastKnownFileType = sourcecode.swift; path = HistoryViewController.swift; sourceTree = "<group>"; };
		B805FB601F1ADE5E00B7DE41 /* ProfileViewController.swift */ = {isa = PBXFileReference; fileEncoding = 4; lastKnownFileType = sourcecode.swift; path = ProfileViewController.swift; sourceTree = "<group>"; };
		B805FB641F1ADF4D00B7DE41 /* MainViewController.swift */ = {isa = PBXFileReference; fileEncoding = 4; lastKnownFileType = sourcecode.swift; path = MainViewController.swift; sourceTree = "<group>"; };
		B817C6941F3B36390078629C /* AdditionalServices.swift */ = {isa = PBXFileReference; fileEncoding = 4; lastKnownFileType = sourcecode.swift; path = AdditionalServices.swift; sourceTree = "<group>"; };
		B817C6951F3B36390078629C /* Calendar.swift */ = {isa = PBXFileReference; fileEncoding = 4; lastKnownFileType = sourcecode.swift; path = Calendar.swift; sourceTree = "<group>"; };
		B817C6961F3B36390078629C /* Client.swift */ = {isa = PBXFileReference; fileEncoding = 4; lastKnownFileType = sourcecode.swift; path = Client.swift; sourceTree = "<group>"; };
		B817C6971F3B36390078629C /* Constants.swift */ = {isa = PBXFileReference; fileEncoding = 4; lastKnownFileType = sourcecode.swift; path = Constants.swift; sourceTree = "<group>"; };
		B817C6981F3B36390078629C /* extensions.swift */ = {isa = PBXFileReference; fileEncoding = 4; lastKnownFileType = sourcecode.swift; path = extensions.swift; sourceTree = "<group>"; };
		B817C6991F3B36390078629C /* HometapObject.swift */ = {isa = PBXFileReference; fileEncoding = 4; lastKnownFileType = sourcecode.swift; path = HometapObject.swift; sourceTree = "<group>"; };
		B817C69A1F3B36390078629C /* Homie.swift */ = {isa = PBXFileReference; fileEncoding = 4; lastKnownFileType = sourcecode.swift; path = Homie.swift; sourceTree = "<group>"; };
		B817C69B1F3B36390078629C /* Place.swift */ = {isa = PBXFileReference; fileEncoding = 4; lastKnownFileType = sourcecode.swift; path = Place.swift; sourceTree = "<group>"; };
		B817C69C1F3B36390078629C /* Product.swift */ = {isa = PBXFileReference; fileEncoding = 4; lastKnownFileType = sourcecode.swift; path = Product.swift; sourceTree = "<group>"; };
		B817C69D1F3B36390078629C /* Service.swift */ = {isa = PBXFileReference; fileEncoding = 4; lastKnownFileType = sourcecode.swift; path = Service.swift; sourceTree = "<group>"; };
		B817C69E1F3B36390078629C /* User.swift */ = {isa = PBXFileReference; fileEncoding = 4; lastKnownFileType = sourcecode.swift; path = User.swift; sourceTree = "<group>"; };
		B82063991F48E483000B2E71 /* iconArrowGreen.png */ = {isa = PBXFileReference; lastKnownFileType = image.png; path = iconArrowGreen.png; sourceTree = "<group>"; };
		B820639B1F48EBA3000B2E71 /* iconStarEmpty.png */ = {isa = PBXFileReference; lastKnownFileType = image.png; path = iconStarEmpty.png; sourceTree = "<group>"; };
		B820639C1F48EBA3000B2E71 /* iconStarFilled.png */ = {isa = PBXFileReference; lastKnownFileType = image.png; path = iconStarFilled.png; sourceTree = "<group>"; };
		B820639D1F48EBA3000B2E71 /* iconInventoryGray.png */ = {isa = PBXFileReference; lastKnownFileType = image.png; path = iconInventoryGray.png; sourceTree = "<group>"; };
		B820639E1F48EBA3000B2E71 /* iconInventoryGreen.png */ = {isa = PBXFileReference; lastKnownFileType = image.png; path = iconInventoryGreen.png; sourceTree = "<group>"; };
		B820639F1F48EBA3000B2E71 /* iconProfileGray.png */ = {isa = PBXFileReference; lastKnownFileType = image.png; path = iconProfileGray.png; sourceTree = "<group>"; };
		B82063A01F48EBA3000B2E71 /* iconProfileGreen.png */ = {isa = PBXFileReference; lastKnownFileType = image.png; path = iconProfileGreen.png; sourceTree = "<group>"; };
		B82063A11F48EBA3000B2E71 /* iconAdressGray.png */ = {isa = PBXFileReference; lastKnownFileType = image.png; path = iconAdressGray.png; sourceTree = "<group>"; };
		B82063A21F48EBA3000B2E71 /* iconAdressGreen.png */ = {isa = PBXFileReference; lastKnownFileType = image.png; path = iconAdressGreen.png; sourceTree = "<group>"; };
		B82063A41F48EBA3000B2E71 /* iconCalendarGreen.png */ = {isa = PBXFileReference; lastKnownFileType = image.png; path = iconCalendarGreen.png; sourceTree = "<group>"; };
		B82063A51F48EBA3000B2E71 /* iconCreditCardGray.png */ = {isa = PBXFileReference; lastKnownFileType = image.png; path = iconCreditCardGray.png; sourceTree = "<group>"; };
		B82063A61F48EBA3000B2E71 /* iconCreditCardGreen.png */ = {isa = PBXFileReference; lastKnownFileType = image.png; path = iconCreditCardGreen.png; sourceTree = "<group>"; };
		B82063A71F48EBA3000B2E71 /* iconHistoryGray.png */ = {isa = PBXFileReference; lastKnownFileType = image.png; path = iconHistoryGray.png; sourceTree = "<group>"; };
		B82063A81F48EBA3000B2E71 /* iconHistoryGreen.png */ = {isa = PBXFileReference; lastKnownFileType = image.png; path = iconHistoryGreen.png; sourceTree = "<group>"; };
		B82063A91F48EBA3000B2E71 /* iconHouseGray.png */ = {isa = PBXFileReference; lastKnownFileType = image.png; path = iconHouseGray.png; sourceTree = "<group>"; };
		B82063AA1F48EBA3000B2E71 /* iconHouseGreen.png */ = {isa = PBXFileReference; lastKnownFileType = image.png; path = iconHouseGreen.png; sourceTree = "<group>"; };
		B82063BB1F48EE4E000B2E71 /* iconCalendarGray.png */ = {isa = PBXFileReference; lastKnownFileType = image.png; path = iconCalendarGray.png; sourceTree = "<group>"; };
		B82532F41F317DF900F6FA36 /* GoogleService-Info.plist */ = {isa = PBXFileReference; fileEncoding = 4; lastKnownFileType = text.plist.xml; path = "GoogleService-Info.plist"; sourceTree = "<group>"; };
		B82CD63B1F2BB0D9009CFEEB /* HomeServicesViewController.swift */ = {isa = PBXFileReference; fileEncoding = 4; lastKnownFileType = sourcecode.swift; path = HomeServicesViewController.swift; sourceTree = "<group>"; };
		B82CD63D1F2BCF3F009CFEEB /* CustomTableViewCell.swift */ = {isa = PBXFileReference; fileEncoding = 4; lastKnownFileType = sourcecode.swift; path = CustomTableViewCell.swift; sourceTree = "<group>"; };
		B82CD63E1F2BCF3F009CFEEB /* CustomTableViewCell.xib */ = {isa = PBXFileReference; fileEncoding = 4; lastKnownFileType = file.xib; path = CustomTableViewCell.xib; sourceTree = "<group>"; };
		B82E88F31F434C2100DE95A7 /* MaterialTapBarViewController.swift */ = {isa = PBXFileReference; fileEncoding = 4; lastKnownFileType = sourcecode.swift; path = MaterialTapBarViewController.swift; sourceTree = "<group>"; };
		B82E88FA1F44F82600DE95A7 /* CustomView.swift */ = {isa = PBXFileReference; fileEncoding = 4; lastKnownFileType = sourcecode.swift; path = CustomView.swift; sourceTree = "<group>"; };
		B837B6211F2D298E006F5626 /* OFL.txt */ = {isa = PBXFileReference; fileEncoding = 4; lastKnownFileType = text; path = OFL.txt; sourceTree = "<group>"; };
		B837B6221F2D298E006F5626 /* Rubik-Black.ttf */ = {isa = PBXFileReference; lastKnownFileType = file; path = "Rubik-Black.ttf"; sourceTree = "<group>"; };
		B837B6231F2D298E006F5626 /* Rubik-BlackItalic.ttf */ = {isa = PBXFileReference; lastKnownFileType = file; path = "Rubik-BlackItalic.ttf"; sourceTree = "<group>"; };
		B837B6241F2D298E006F5626 /* Rubik-Bold.ttf */ = {isa = PBXFileReference; lastKnownFileType = file; path = "Rubik-Bold.ttf"; sourceTree = "<group>"; };
		B837B6251F2D298E006F5626 /* Rubik-BoldItalic.ttf */ = {isa = PBXFileReference; lastKnownFileType = file; path = "Rubik-BoldItalic.ttf"; sourceTree = "<group>"; };
		B837B6261F2D298E006F5626 /* Rubik-Italic.ttf */ = {isa = PBXFileReference; lastKnownFileType = file; path = "Rubik-Italic.ttf"; sourceTree = "<group>"; };
		B837B6271F2D298E006F5626 /* Rubik-Light.ttf */ = {isa = PBXFileReference; lastKnownFileType = file; path = "Rubik-Light.ttf"; sourceTree = "<group>"; };
		B837B6281F2D298E006F5626 /* Rubik-LightItalic.ttf */ = {isa = PBXFileReference; lastKnownFileType = file; path = "Rubik-LightItalic.ttf"; sourceTree = "<group>"; };
		B837B6291F2D298E006F5626 /* Rubik-Medium.ttf */ = {isa = PBXFileReference; lastKnownFileType = file; path = "Rubik-Medium.ttf"; sourceTree = "<group>"; };
		B837B62A1F2D298E006F5626 /* Rubik-MediumItalic.ttf */ = {isa = PBXFileReference; lastKnownFileType = file; path = "Rubik-MediumItalic.ttf"; sourceTree = "<group>"; };
		B837B62B1F2D298E006F5626 /* Rubik-Regular.ttf */ = {isa = PBXFileReference; lastKnownFileType = file; path = "Rubik-Regular.ttf"; sourceTree = "<group>"; };
		B83C247A1F2CD765008548E6 /* objectCell.swift */ = {isa = PBXFileReference; fileEncoding = 4; lastKnownFileType = sourcecode.swift; path = objectCell.swift; sourceTree = "<group>"; };
		B83D3DCB1F25EC58006B4B4F /* InventoryLevel.swift */ = {isa = PBXFileReference; fileEncoding = 4; lastKnownFileType = sourcecode.swift; path = InventoryLevel.swift; sourceTree = "<group>"; };
		B84367C91F1E8C2D0085D5A3 /* AuthViewController.swift */ = {isa = PBXFileReference; fileEncoding = 4; lastKnownFileType = sourcecode.swift; path = AuthViewController.swift; sourceTree = "<group>"; };
		B84367CB1F1E97D50085D5A3 /* Login.png */ = {isa = PBXFileReference; lastKnownFileType = image.png; path = Login.png; sourceTree = "<group>"; };
		B84367CE1F1FE13C0085D5A3 /* SignInViewController.swift */ = {isa = PBXFileReference; fileEncoding = 4; lastKnownFileType = sourcecode.swift; path = SignInViewController.swift; sourceTree = "<group>"; };
		B843680E1F2018F10085D5A3 /* ChangeNameViewController.swift */ = {isa = PBXFileReference; fileEncoding = 4; lastKnownFileType = sourcecode.swift; path = ChangeNameViewController.swift; sourceTree = "<group>"; };
		B850BCC41F41705100033E51 /* iconInventoryBlue.png */ = {isa = PBXFileReference; lastKnownFileType = image.png; path = iconInventoryBlue.png; sourceTree = "<group>"; };
		B850BCC71F41705100033E51 /* iconInventoryPink.png */ = {isa = PBXFileReference; lastKnownFileType = image.png; path = iconInventoryPink.png; sourceTree = "<group>"; };
		B850BCC81F41705100033E51 /* iconInventoryYellow.png */ = {isa = PBXFileReference; lastKnownFileType = image.png; path = iconInventoryYellow.png; sourceTree = "<group>"; };
		B850BCC91F41705100033E51 /* iconNoPhoto.png */ = {isa = PBXFileReference; lastKnownFileType = image.png; path = iconNoPhoto.png; sourceTree = "<group>"; };
		B850BCCD1F41705100033E51 /* iconServiceBooked.png */ = {isa = PBXFileReference; lastKnownFileType = image.png; path = iconServiceBooked.png; sourceTree = "<group>"; };
		B850BCCE1F41705100033E51 /* iconServiceChecked.png */ = {isa = PBXFileReference; lastKnownFileType = image.png; path = iconServiceChecked.png; sourceTree = "<group>"; };
		B850BCDB1F41705100033E51 /* illustrationNoBookings.png */ = {isa = PBXFileReference; lastKnownFileType = image.png; path = illustrationNoBookings.png; sourceTree = "<group>"; };
		B86200CA1F6282DC000278B2 /* ViewControllerStartService.swift */ = {isa = PBXFileReference; fileEncoding = 4; lastKnownFileType = sourcecode.swift; path = ViewControllerStartService.swift; sourceTree = "<group>"; };
		B86200CC1F6282F6000278B2 /* ViewControllerEndService.swift */ = {isa = PBXFileReference; fileEncoding = 4; lastKnownFileType = sourcecode.swift; path = ViewControllerEndService.swift; sourceTree = "<group>"; };
		B86200CE1F628D00000278B2 /* ViewControllerServiceDone.swift */ = {isa = PBXFileReference; fileEncoding = 4; lastKnownFileType = sourcecode.swift; path = ViewControllerServiceDone.swift; sourceTree = "<group>"; };
		B86D1BCF1F21528C00DBF9B9 /* ChangePasswordViewController.swift */ = {isa = PBXFileReference; fileEncoding = 4; lastKnownFileType = sourcecode.swift; path = ChangePasswordViewController.swift; sourceTree = "<group>"; };
		B86D1BD11F21529A00DBF9B9 /* ChangeEmailViewController.swift */ = {isa = PBXFileReference; fileEncoding = 4; lastKnownFileType = sourcecode.swift; path = ChangeEmailViewController.swift; sourceTree = "<group>"; };
		B86D1BD31F2152AB00DBF9B9 /* ChangePhoneViewController.swift */ = {isa = PBXFileReference; fileEncoding = 4; lastKnownFileType = sourcecode.swift; path = ChangePhoneViewController.swift; sourceTree = "<group>"; };
		B8A75F9C1F3D0E23006072B1 /* HomeSummaryServiceViewController.swift */ = {isa = PBXFileReference; fileEncoding = 4; lastKnownFileType = sourcecode.swift; path = HomeSummaryServiceViewController.swift; sourceTree = "<group>"; };
		B8A75F9E1F3E4CEE006072B1 /* HistoryServiceSummaryViewController.swift */ = {isa = PBXFileReference; fileEncoding = 4; lastKnownFileType = sourcecode.swift; path = HistoryServiceSummaryViewController.swift; sourceTree = "<group>"; };
		B8CE52EC1F3049CC0072FF98 /* CustomHistoryTableViewCell.swift */ = {isa = PBXFileReference; fileEncoding = 4; lastKnownFileType = sourcecode.swift; path = CustomHistoryTableViewCell.swift; sourceTree = "<group>"; };
		B8CE52ED1F3049CC0072FF98 /* CustomHistoryTableViewCell.xib */ = {isa = PBXFileReference; fileEncoding = 4; lastKnownFileType = file.xib; path = CustomHistoryTableViewCell.xib; sourceTree = "<group>"; };
		C64C375FC08B5A608182D705 /* Pods-HomeTapHomie.release.xcconfig */ = {isa = PBXFileReference; includeInIndex = 1; lastKnownFileType = text.xcconfig; name = "Pods-HomeTapHomie.release.xcconfig"; path = "Pods/Target Support Files/Pods-HomeTapHomie/Pods-HomeTapHomie.release.xcconfig"; sourceTree = "<group>"; };
/* End PBXFileReference section */

/* Begin PBXFrameworksBuildPhase section */
		B805FB071F1AA86B00B7DE41 /* Frameworks */ = {
			isa = PBXFrameworksBuildPhase;
			buildActionMask = 2147483647;
			files = (
				80527A42222753BD0DC9B12D /* Pods_HomeTapHomie.framework in Frameworks */,
			);
			runOnlyForDeploymentPostprocessing = 0;
		};
		B805FB1B1F1AA86B00B7DE41 /* Frameworks */ = {
			isa = PBXFrameworksBuildPhase;
			buildActionMask = 2147483647;
			files = (
			);
			runOnlyForDeploymentPostprocessing = 0;
		};
		B805FB261F1AA86B00B7DE41 /* Frameworks */ = {
			isa = PBXFrameworksBuildPhase;
			buildActionMask = 2147483647;
			files = (
			);
			runOnlyForDeploymentPostprocessing = 0;
		};
/* End PBXFrameworksBuildPhase section */

/* Begin PBXGroup section */
		191B57D009F55226959A8506 /* Frameworks */ = {
			isa = PBXGroup;
			children = (
				7370E7BE00CC68F72AC542FD /* Pods_HomeTapHomie.framework */,
			);
			name = Frameworks;
			sourceTree = "<group>";
		};
		B805FB011F1AA86B00B7DE41 = {
			isa = PBXGroup;
			children = (
				B86200C91F6282B9000278B2 /* OnService */,
				B837B61E1F2D290E006F5626 /* Resources */,
				B84367CD1F1F41F00085D5A3 /* Authentication */,
				B84367C41F1E858E0085D5A3 /* Assets */,
				B84367BF1F1D783B0085D5A3 /* TabBar */,
				B805FB581F1ADC0400B7DE41 /* Calendar */,
				B805FB571F1ADBE700B7DE41 /* Inventory */,
				B805FB561F1ADBDF00B7DE41 /* History */,
				B805FB551F1ADBD800B7DE41 /* Profile */,
				B805FB541F1ADBCF00B7DE41 /* Home */,
				B805FB3B1F1ADA4C00B7DE41 /* Entities */,
				B805FB0C1F1AA86B00B7DE41 /* HomeTapHomie */,
				B805FB211F1AA86B00B7DE41 /* HomeTapHomieTests */,
				B805FB2C1F1AA86B00B7DE41 /* HomeTapHomieUITests */,
				B805FB0B1F1AA86B00B7DE41 /* Products */,
				D3F794F19381E1E1A4BB1732 /* Pods */,
				191B57D009F55226959A8506 /* Frameworks */,
			);
			sourceTree = "<group>";
		};
		B805FB0B1F1AA86B00B7DE41 /* Products */ = {
			isa = PBXGroup;
			children = (
				B805FB0A1F1AA86B00B7DE41 /* HomeTapHomie.app */,
				B805FB1E1F1AA86B00B7DE41 /* HomeTapHomieTests.xctest */,
				B805FB291F1AA86B00B7DE41 /* HomeTapHomieUITests.xctest */,
			);
			name = Products;
			sourceTree = "<group>";
		};
		B805FB0C1F1AA86B00B7DE41 /* HomeTapHomie */ = {
			isa = PBXGroup;
			children = (
				B82532F41F317DF900F6FA36 /* GoogleService-Info.plist */,
				B805FB0D1F1AA86B00B7DE41 /* AppDelegate.swift */,
				B805FB111F1AA86B00B7DE41 /* Main.storyboard */,
				B805FB641F1ADF4D00B7DE41 /* MainViewController.swift */,
				B805FB141F1AA86B00B7DE41 /* Assets.xcassets */,
				B805FB161F1AA86B00B7DE41 /* LaunchScreen.storyboard */,
				B805FB191F1AA86B00B7DE41 /* Info.plist */,
			);
			path = HomeTapHomie;
			sourceTree = "<group>";
		};
		B805FB211F1AA86B00B7DE41 /* HomeTapHomieTests */ = {
			isa = PBXGroup;
			children = (
				B805FB221F1AA86B00B7DE41 /* HomeTapHomieTests.swift */,
				B805FB241F1AA86B00B7DE41 /* Info.plist */,
			);
			path = HomeTapHomieTests;
			sourceTree = "<group>";
		};
		B805FB2C1F1AA86B00B7DE41 /* HomeTapHomieUITests */ = {
			isa = PBXGroup;
			children = (
				B805FB2D1F1AA86B00B7DE41 /* HomeTapHomieUITests.swift */,
				B805FB2F1F1AA86B00B7DE41 /* Info.plist */,
			);
			path = HomeTapHomieUITests;
			sourceTree = "<group>";
		};
		B805FB3B1F1ADA4C00B7DE41 /* Entities */ = {
			isa = PBXGroup;
			children = (
				B817C6941F3B36390078629C /* AdditionalServices.swift */,
				B817C6951F3B36390078629C /* Calendar.swift */,
				B817C6961F3B36390078629C /* Client.swift */,
				B817C6971F3B36390078629C /* Constants.swift */,
				B817C6981F3B36390078629C /* extensions.swift */,
				B817C6991F3B36390078629C /* HometapObject.swift */,
				B817C69A1F3B36390078629C /* Homie.swift */,
				B817C69B1F3B36390078629C /* Place.swift */,
				B817C69C1F3B36390078629C /* Product.swift */,
				B817C69D1F3B36390078629C /* Service.swift */,
				B817C69E1F3B36390078629C /* User.swift */,
				B83D3DCB1F25EC58006B4B4F /* InventoryLevel.swift */,
				B83C247A1F2CD765008548E6 /* objectCell.swift */,
				B82E88FA1F44F82600DE95A7 /* CustomView.swift */,
			);
			name = Entities;
			sourceTree = "<group>";
		};
		B805FB541F1ADBCF00B7DE41 /* Home */ = {
			isa = PBXGroup;
			children = (
				B82CD63B1F2BB0D9009CFEEB /* HomeServicesViewController.swift */,
				B82CD63D1F2BCF3F009CFEEB /* CustomTableViewCell.swift */,
				B82CD63E1F2BCF3F009CFEEB /* CustomTableViewCell.xib */,
				B8A75F9C1F3D0E23006072B1 /* HomeSummaryServiceViewController.swift */,
			);
			name = Home;
			sourceTree = "<group>";
		};
		B805FB551F1ADBD800B7DE41 /* Profile */ = {
			isa = PBXGroup;
			children = (
				B805FB601F1ADE5E00B7DE41 /* ProfileViewController.swift */,
				B843680E1F2018F10085D5A3 /* ChangeNameViewController.swift */,
				B86D1BCF1F21528C00DBF9B9 /* ChangePasswordViewController.swift */,
				B86D1BD11F21529A00DBF9B9 /* ChangeEmailViewController.swift */,
				B86D1BD31F2152AB00DBF9B9 /* ChangePhoneViewController.swift */,
			);
			name = Profile;
			sourceTree = "<group>";
		};
		B805FB561F1ADBDF00B7DE41 /* History */ = {
			isa = PBXGroup;
			children = (
				B805FB5E1F1ADE5300B7DE41 /* HistoryViewController.swift */,
				B8CE52EC1F3049CC0072FF98 /* CustomHistoryTableViewCell.swift */,
				B8CE52ED1F3049CC0072FF98 /* CustomHistoryTableViewCell.xib */,
				B8A75F9E1F3E4CEE006072B1 /* HistoryServiceSummaryViewController.swift */,
			);
			name = History;
			sourceTree = "<group>";
		};
		B805FB571F1ADBE700B7DE41 /* Inventory */ = {
			isa = PBXGroup;
			children = (
				B805FB5C1F1ADE3E00B7DE41 /* InventoryViewController.swift */,
			);
			name = Inventory;
			sourceTree = "<group>";
		};
		B805FB581F1ADC0400B7DE41 /* Calendar */ = {
			isa = PBXGroup;
			children = (
				B805FB5A1F1ADE3000B7DE41 /* CalendarViewController.swift */,
			);
			name = Calendar;
			sourceTree = "<group>";
		};
		B837B61E1F2D290E006F5626 /* Resources */ = {
			isa = PBXGroup;
			children = (
				B837B6211F2D298E006F5626 /* OFL.txt */,
				B837B6221F2D298E006F5626 /* Rubik-Black.ttf */,
				B837B6231F2D298E006F5626 /* Rubik-BlackItalic.ttf */,
				B837B6241F2D298E006F5626 /* Rubik-Bold.ttf */,
				B837B6251F2D298E006F5626 /* Rubik-BoldItalic.ttf */,
				B837B6261F2D298E006F5626 /* Rubik-Italic.ttf */,
				B837B6271F2D298E006F5626 /* Rubik-Light.ttf */,
				B837B6281F2D298E006F5626 /* Rubik-LightItalic.ttf */,
				B837B6291F2D298E006F5626 /* Rubik-Medium.ttf */,
				B837B62A1F2D298E006F5626 /* Rubik-MediumItalic.ttf */,
				B837B62B1F2D298E006F5626 /* Rubik-Regular.ttf */,
			);
			name = Resources;
			sourceTree = "<group>";
		};
		B84367BF1F1D783B0085D5A3 /* TabBar */ = {
			isa = PBXGroup;
			children = (
				B82E88F31F434C2100DE95A7 /* MaterialTapBarViewController.swift */,
			);
			name = TabBar;
			sourceTree = "<group>";
		};
		B84367C41F1E858E0085D5A3 /* Assets */ = {
			isa = PBXGroup;
			children = (
				B801E8DE1F627C3500208756 /* start.bmp */,
				B801E8DC1F627BE200208756 /* LOGO.bmp */,
				B801E8DA1F627AAF00208756 /* web_hi_res_512.png */,
				B820639B1F48EBA3000B2E71 /* iconStarEmpty.png */,
				B820639C1F48EBA3000B2E71 /* iconStarFilled.png */,
				B820639D1F48EBA3000B2E71 /* iconInventoryGray.png */,
				B820639E1F48EBA3000B2E71 /* iconInventoryGreen.png */,
				B820639F1F48EBA3000B2E71 /* iconProfileGray.png */,
				B82063BB1F48EE4E000B2E71 /* iconCalendarGray.png */,
				B82063A01F48EBA3000B2E71 /* iconProfileGreen.png */,
				B82063A11F48EBA3000B2E71 /* iconAdressGray.png */,
				B82063A21F48EBA3000B2E71 /* iconAdressGreen.png */,
				B82063A41F48EBA3000B2E71 /* iconCalendarGreen.png */,
				B82063A51F48EBA3000B2E71 /* iconCreditCardGray.png */,
				B82063A61F48EBA3000B2E71 /* iconCreditCardGreen.png */,
				B82063A71F48EBA3000B2E71 /* iconHistoryGray.png */,
				B82063A81F48EBA3000B2E71 /* iconHistoryGreen.png */,
				B82063A91F48EBA3000B2E71 /* iconHouseGray.png */,
				B82063AA1F48EBA3000B2E71 /* iconHouseGreen.png */,
				B850BCC41F41705100033E51 /* iconInventoryBlue.png */,
				B850BCC71F41705100033E51 /* iconInventoryPink.png */,
				B850BCC81F41705100033E51 /* iconInventoryYellow.png */,
				B850BCC91F41705100033E51 /* iconNoPhoto.png */,
				B850BCCD1F41705100033E51 /* iconServiceBooked.png */,
				B850BCCE1F41705100033E51 /* iconServiceChecked.png */,
				B850BCDB1F41705100033E51 /* illustrationNoBookings.png */,
				B82063991F48E483000B2E71 /* iconArrowGreen.png */,
				B84367CB1F1E97D50085D5A3 /* Login.png */,
			);
			name = Assets;
			sourceTree = "<group>";
		};
		B84367CD1F1F41F00085D5A3 /* Authentication */ = {
			isa = PBXGroup;
			children = (
				B84367C91F1E8C2D0085D5A3 /* AuthViewController.swift */,
				B84367CE1F1FE13C0085D5A3 /* SignInViewController.swift */,
			);
			name = Authentication;
			sourceTree = "<group>";
		};
		B86200C91F6282B9000278B2 /* OnService */ = {
			isa = PBXGroup;
			children = (
				B86200CA1F6282DC000278B2 /* ViewControllerStartService.swift */,
				B86200CC1F6282F6000278B2 /* ViewControllerEndService.swift */,
				B86200CE1F628D00000278B2 /* ViewControllerServiceDone.swift */,
			);
			name = OnService;
			sourceTree = "<group>";
		};
		D3F794F19381E1E1A4BB1732 /* Pods */ = {
			isa = PBXGroup;
			children = (
				1CE56ED0F50C18388C527648 /* Pods-HomeTapHomie.debug.xcconfig */,
				C64C375FC08B5A608182D705 /* Pods-HomeTapHomie.release.xcconfig */,
			);
			name = Pods;
			sourceTree = "<group>";
		};
/* End PBXGroup section */

/* Begin PBXNativeTarget section */
		B805FB091F1AA86B00B7DE41 /* HomeTapHomie */ = {
			isa = PBXNativeTarget;
			buildConfigurationList = B805FB321F1AA86B00B7DE41 /* Build configuration list for PBXNativeTarget "HomeTapHomie" */;
			buildPhases = (
				445F853E09581C2A74C04B04 /* [CP] Check Pods Manifest.lock */,
				B805FB061F1AA86B00B7DE41 /* Sources */,
				B805FB071F1AA86B00B7DE41 /* Frameworks */,
				B805FB081F1AA86B00B7DE41 /* Resources */,
				A81C7667A63EEBDE74363B63 /* [CP] Embed Pods Frameworks */,
				B884DC81E4A27FA8A4351818 /* [CP] Copy Pods Resources */,
			);
			buildRules = (
			);
			dependencies = (
			);
			name = HomeTapHomie;
			productName = HomeTapHomie;
			productReference = B805FB0A1F1AA86B00B7DE41 /* HomeTapHomie.app */;
			productType = "com.apple.product-type.application";
		};
		B805FB1D1F1AA86B00B7DE41 /* HomeTapHomieTests */ = {
			isa = PBXNativeTarget;
			buildConfigurationList = B805FB351F1AA86B00B7DE41 /* Build configuration list for PBXNativeTarget "HomeTapHomieTests" */;
			buildPhases = (
				B805FB1A1F1AA86B00B7DE41 /* Sources */,
				B805FB1B1F1AA86B00B7DE41 /* Frameworks */,
				B805FB1C1F1AA86B00B7DE41 /* Resources */,
			);
			buildRules = (
			);
			dependencies = (
				B805FB201F1AA86B00B7DE41 /* PBXTargetDependency */,
			);
			name = HomeTapHomieTests;
			productName = HomeTapHomieTests;
			productReference = B805FB1E1F1AA86B00B7DE41 /* HomeTapHomieTests.xctest */;
			productType = "com.apple.product-type.bundle.unit-test";
		};
		B805FB281F1AA86B00B7DE41 /* HomeTapHomieUITests */ = {
			isa = PBXNativeTarget;
			buildConfigurationList = B805FB381F1AA86B00B7DE41 /* Build configuration list for PBXNativeTarget "HomeTapHomieUITests" */;
			buildPhases = (
				B805FB251F1AA86B00B7DE41 /* Sources */,
				B805FB261F1AA86B00B7DE41 /* Frameworks */,
				B805FB271F1AA86B00B7DE41 /* Resources */,
			);
			buildRules = (
			);
			dependencies = (
				B805FB2B1F1AA86B00B7DE41 /* PBXTargetDependency */,
			);
			name = HomeTapHomieUITests;
			productName = HomeTapHomieUITests;
			productReference = B805FB291F1AA86B00B7DE41 /* HomeTapHomieUITests.xctest */;
			productType = "com.apple.product-type.bundle.ui-testing";
		};
/* End PBXNativeTarget section */

/* Begin PBXProject section */
		B805FB021F1AA86B00B7DE41 /* Project object */ = {
			isa = PBXProject;
			attributes = {
				LastSwiftUpdateCheck = 0830;
				LastUpgradeCheck = 0830;
				ORGANIZATIONNAME = "Tres Astronautas";
				TargetAttributes = {
					B805FB091F1AA86B00B7DE41 = {
						CreatedOnToolsVersion = 8.3.2;
						DevelopmentTeam = 2M7FAZNPY2;
						ProvisioningStyle = Automatic;
					};
					B805FB1D1F1AA86B00B7DE41 = {
						CreatedOnToolsVersion = 8.3.2;
						ProvisioningStyle = Automatic;
						TestTargetID = B805FB091F1AA86B00B7DE41;
					};
					B805FB281F1AA86B00B7DE41 = {
						CreatedOnToolsVersion = 8.3.2;
						ProvisioningStyle = Automatic;
						TestTargetID = B805FB091F1AA86B00B7DE41;
					};
				};
			};
			buildConfigurationList = B805FB051F1AA86B00B7DE41 /* Build configuration list for PBXProject "HomeTapHomie" */;
			compatibilityVersion = "Xcode 3.2";
			developmentRegion = English;
			hasScannedForEncodings = 0;
			knownRegions = (
				en,
				Base,
			);
			mainGroup = B805FB011F1AA86B00B7DE41;
			productRefGroup = B805FB0B1F1AA86B00B7DE41 /* Products */;
			projectDirPath = "";
			projectRoot = "";
			targets = (
				B805FB091F1AA86B00B7DE41 /* HomeTapHomie */,
				B805FB1D1F1AA86B00B7DE41 /* HomeTapHomieTests */,
				B805FB281F1AA86B00B7DE41 /* HomeTapHomieUITests */,
			);
		};
/* End PBXProject section */

/* Begin PBXResourcesBuildPhase section */
		B805FB081F1AA86B00B7DE41 /* Resources */ = {
			isa = PBXResourcesBuildPhase;
			buildActionMask = 2147483647;
			files = (
				B837B62C1F2D298E006F5626 /* OFL.txt in Resources */,
				B82063B51F48EBA3000B2E71 /* iconCreditCardGray.png in Resources */,
				B82063B11F48EBA3000B2E71 /* iconAdressGray.png in Resources */,
				B837B6361F2D298E006F5626 /* Rubik-Regular.ttf in Resources */,
				B82532F51F317DF900F6FA36 /* GoogleService-Info.plist in Resources */,
				B82CD6401F2BCF3F009CFEEB /* CustomTableViewCell.xib in Resources */,
				B805FB181F1AA86B00B7DE41 /* LaunchScreen.storyboard in Resources */,
				B82063AE1F48EBA3000B2E71 /* iconInventoryGreen.png in Resources */,
				B837B62D1F2D298E006F5626 /* Rubik-Black.ttf in Resources */,
				B837B6311F2D298E006F5626 /* Rubik-Italic.ttf in Resources */,
				B801E8DF1F627C3500208756 /* start.bmp in Resources */,
				B837B6301F2D298E006F5626 /* Rubik-BoldItalic.ttf in Resources */,
				B82063B81F48EBA3000B2E71 /* iconHistoryGreen.png in Resources */,
				B82063AF1F48EBA3000B2E71 /* iconProfileGray.png in Resources */,
				B8CE52EF1F3049CC0072FF98 /* CustomHistoryTableViewCell.xib in Resources */,
				B82063B61F48EBA3000B2E71 /* iconCreditCardGreen.png in Resources */,
				B82063B91F48EBA3000B2E71 /* iconHouseGray.png in Resources */,
				B850BCF41F41705100033E51 /* iconNoPhoto.png in Resources */,
				B837B6341F2D298E006F5626 /* Rubik-Medium.ttf in Resources */,
				B82063B21F48EBA3000B2E71 /* iconAdressGreen.png in Resources */,
				B850BCEF1F41705100033E51 /* iconInventoryBlue.png in Resources */,
				B850BCF81F41705100033E51 /* iconServiceBooked.png in Resources */,
				B837B6331F2D298E006F5626 /* Rubik-LightItalic.ttf in Resources */,
				B805FB151F1AA86B00B7DE41 /* Assets.xcassets in Resources */,
				B82063BC1F48EE4E000B2E71 /* iconCalendarGray.png in Resources */,
				B801E8DB1F627AAF00208756 /* web_hi_res_512.png in Resources */,
				B850BCF91F41705100033E51 /* iconServiceChecked.png in Resources */,
				B82063B01F48EBA3000B2E71 /* iconProfileGreen.png in Resources */,
				B82063AC1F48EBA3000B2E71 /* iconStarFilled.png in Resources */,
				B850BCF31F41705100033E51 /* iconInventoryYellow.png in Resources */,
				B84367CC1F1E97D50085D5A3 /* Login.png in Resources */,
				B850BD061F41705100033E51 /* illustrationNoBookings.png in Resources */,
				B837B6351F2D298E006F5626 /* Rubik-MediumItalic.ttf in Resources */,
				B82063B71F48EBA3000B2E71 /* iconHistoryGray.png in Resources */,
				B805FB131F1AA86B00B7DE41 /* Main.storyboard in Resources */,
				B801E8DD1F627BE200208756 /* LOGO.bmp in Resources */,
				B82063B41F48EBA3000B2E71 /* iconCalendarGreen.png in Resources */,
				B837B62F1F2D298E006F5626 /* Rubik-Bold.ttf in Resources */,
				B82063AB1F48EBA3000B2E71 /* iconStarEmpty.png in Resources */,
				B82063AD1F48EBA3000B2E71 /* iconInventoryGray.png in Resources */,
				B82063BA1F48EBA3000B2E71 /* iconHouseGreen.png in Resources */,
				B850BCF21F41705100033E51 /* iconInventoryPink.png in Resources */,
				B837B6321F2D298E006F5626 /* Rubik-Light.ttf in Resources */,
				B837B62E1F2D298E006F5626 /* Rubik-BlackItalic.ttf in Resources */,
				B820639A1F48E483000B2E71 /* iconArrowGreen.png in Resources */,
			);
			runOnlyForDeploymentPostprocessing = 0;
		};
		B805FB1C1F1AA86B00B7DE41 /* Resources */ = {
			isa = PBXResourcesBuildPhase;
			buildActionMask = 2147483647;
			files = (
			);
			runOnlyForDeploymentPostprocessing = 0;
		};
		B805FB271F1AA86B00B7DE41 /* Resources */ = {
			isa = PBXResourcesBuildPhase;
			buildActionMask = 2147483647;
			files = (
			);
			runOnlyForDeploymentPostprocessing = 0;
		};
/* End PBXResourcesBuildPhase section */

/* Begin PBXShellScriptBuildPhase section */
		445F853E09581C2A74C04B04 /* [CP] Check Pods Manifest.lock */ = {
			isa = PBXShellScriptBuildPhase;
			buildActionMask = 2147483647;
			files = (
			);
			inputPaths = (
			);
			name = "[CP] Check Pods Manifest.lock";
			outputPaths = (
			);
			runOnlyForDeploymentPostprocessing = 0;
			shellPath = /bin/sh;
			shellScript = "diff \"${PODS_PODFILE_DIR_PATH}/Podfile.lock\" \"${PODS_ROOT}/Manifest.lock\" > /dev/null\nif [ $? != 0 ] ; then\n    # print error to STDERR\n    echo \"error: The sandbox is not in sync with the Podfile.lock. Run 'pod install' or update your CocoaPods installation.\" >&2\n    exit 1\nfi\n";
			showEnvVarsInLog = 0;
		};
		A81C7667A63EEBDE74363B63 /* [CP] Embed Pods Frameworks */ = {
			isa = PBXShellScriptBuildPhase;
			buildActionMask = 2147483647;
			files = (
			);
			inputPaths = (
			);
			name = "[CP] Embed Pods Frameworks";
			outputPaths = (
			);
			runOnlyForDeploymentPostprocessing = 0;
			shellPath = /bin/sh;
			shellScript = "\"${SRCROOT}/Pods/Target Support Files/Pods-HomeTapHomie/Pods-HomeTapHomie-frameworks.sh\"\n";
			showEnvVarsInLog = 0;
		};
		B884DC81E4A27FA8A4351818 /* [CP] Copy Pods Resources */ = {
			isa = PBXShellScriptBuildPhase;
			buildActionMask = 2147483647;
			files = (
			);
			inputPaths = (
			);
			name = "[CP] Copy Pods Resources";
			outputPaths = (
			);
			runOnlyForDeploymentPostprocessing = 0;
			shellPath = /bin/sh;
			shellScript = "\"${SRCROOT}/Pods/Target Support Files/Pods-HomeTapHomie/Pods-HomeTapHomie-resources.sh\"\n";
			showEnvVarsInLog = 0;
		};
/* End PBXShellScriptBuildPhase section */

/* Begin PBXSourcesBuildPhase section */
		B805FB061F1AA86B00B7DE41 /* Sources */ = {
			isa = PBXSourcesBuildPhase;
			buildActionMask = 2147483647;
			files = (
				B817C6A41F3B36390078629C /* HometapObject.swift in Sources */,
				B82E88FB1F44F82600DE95A7 /* CustomView.swift in Sources */,
				B817C6A61F3B36390078629C /* Place.swift in Sources */,
				B817C6A21F3B36390078629C /* Constants.swift in Sources */,
				B805FB0E1F1AA86B00B7DE41 /* AppDelegate.swift in Sources */,
				B817C6A91F3B36390078629C /* User.swift in Sources */,
				B86D1BD41F2152AB00DBF9B9 /* ChangePhoneViewController.swift in Sources */,
				B805FB611F1ADE5E00B7DE41 /* ProfileViewController.swift in Sources */,
				B805FB5F1F1ADE5300B7DE41 /* HistoryViewController.swift in Sources */,
				B8A75F9D1F3D0E23006072B1 /* HomeSummaryServiceViewController.swift in Sources */,
				B82CD63F1F2BCF3F009CFEEB /* CustomTableViewCell.swift in Sources */,
				B805FB5D1F1ADE3E00B7DE41 /* InventoryViewController.swift in Sources */,
				B8A75F9F1F3E4CEE006072B1 /* HistoryServiceSummaryViewController.swift in Sources */,
				B817C6A31F3B36390078629C /* extensions.swift in Sources */,
				B86200CB1F6282DC000278B2 /* ViewControllerStartService.swift in Sources */,
				B817C69F1F3B36390078629C /* AdditionalServices.swift in Sources */,
				B86200CD1F6282F6000278B2 /* ViewControllerEndService.swift in Sources */,
				B84367CA1F1E8C2D0085D5A3 /* AuthViewController.swift in Sources */,
				B82E88F41F434C2100DE95A7 /* MaterialTapBarViewController.swift in Sources */,
				B817C6A81F3B36390078629C /* Service.swift in Sources */,
				B817C6A51F3B36390078629C /* Homie.swift in Sources */,
				B84367CF1F1FE13C0085D5A3 /* SignInViewController.swift in Sources */,
				B83D3DCC1F25EC58006B4B4F /* InventoryLevel.swift in Sources */,
				B86200CF1F628D00000278B2 /* ViewControllerServiceDone.swift in Sources */,
				B817C6A71F3B36390078629C /* Product.swift in Sources */,
				B817C6A01F3B36390078629C /* Calendar.swift in Sources */,
				B843680F1F2018F10085D5A3 /* ChangeNameViewController.swift in Sources */,
				B817C6A11F3B36390078629C /* Client.swift in Sources */,
				B805FB651F1ADF4D00B7DE41 /* MainViewController.swift in Sources */,
				B805FB5B1F1ADE3000B7DE41 /* CalendarViewController.swift in Sources */,
				B82CD63C1F2BB0D9009CFEEB /* HomeServicesViewController.swift in Sources */,
				B83C247B1F2CD765008548E6 /* objectCell.swift in Sources */,
				B86D1BD01F21528C00DBF9B9 /* ChangePasswordViewController.swift in Sources */,
				B86D1BD21F21529A00DBF9B9 /* ChangeEmailViewController.swift in Sources */,
				B8CE52EE1F3049CC0072FF98 /* CustomHistoryTableViewCell.swift in Sources */,
			);
			runOnlyForDeploymentPostprocessing = 0;
		};
		B805FB1A1F1AA86B00B7DE41 /* Sources */ = {
			isa = PBXSourcesBuildPhase;
			buildActionMask = 2147483647;
			files = (
				B805FB231F1AA86B00B7DE41 /* HomeTapHomieTests.swift in Sources */,
			);
			runOnlyForDeploymentPostprocessing = 0;
		};
		B805FB251F1AA86B00B7DE41 /* Sources */ = {
			isa = PBXSourcesBuildPhase;
			buildActionMask = 2147483647;
			files = (
				B805FB2E1F1AA86B00B7DE41 /* HomeTapHomieUITests.swift in Sources */,
			);
			runOnlyForDeploymentPostprocessing = 0;
		};
/* End PBXSourcesBuildPhase section */

/* Begin PBXTargetDependency section */
		B805FB201F1AA86B00B7DE41 /* PBXTargetDependency */ = {
			isa = PBXTargetDependency;
			target = B805FB091F1AA86B00B7DE41 /* HomeTapHomie */;
			targetProxy = B805FB1F1F1AA86B00B7DE41 /* PBXContainerItemProxy */;
		};
		B805FB2B1F1AA86B00B7DE41 /* PBXTargetDependency */ = {
			isa = PBXTargetDependency;
			target = B805FB091F1AA86B00B7DE41 /* HomeTapHomie */;
			targetProxy = B805FB2A1F1AA86B00B7DE41 /* PBXContainerItemProxy */;
		};
/* End PBXTargetDependency section */

/* Begin PBXVariantGroup section */
		B805FB111F1AA86B00B7DE41 /* Main.storyboard */ = {
			isa = PBXVariantGroup;
			children = (
				B805FB121F1AA86B00B7DE41 /* Base */,
			);
			name = Main.storyboard;
			sourceTree = "<group>";
		};
		B805FB161F1AA86B00B7DE41 /* LaunchScreen.storyboard */ = {
			isa = PBXVariantGroup;
			children = (
				B805FB171F1AA86B00B7DE41 /* Base */,
			);
			name = LaunchScreen.storyboard;
			sourceTree = "<group>";
		};
/* End PBXVariantGroup section */

/* Begin XCBuildConfiguration section */
		B805FB301F1AA86B00B7DE41 /* Debug */ = {
			isa = XCBuildConfiguration;
			buildSettings = {
				ALWAYS_SEARCH_USER_PATHS = NO;
				CLANG_ANALYZER_NONNULL = YES;
				CLANG_ANALYZER_NUMBER_OBJECT_CONVERSION = YES_AGGRESSIVE;
				CLANG_CXX_LANGUAGE_STANDARD = "gnu++0x";
				CLANG_CXX_LIBRARY = "libc++";
				CLANG_ENABLE_MODULES = YES;
				CLANG_ENABLE_OBJC_ARC = YES;
				CLANG_WARN_BOOL_CONVERSION = YES;
				CLANG_WARN_CONSTANT_CONVERSION = YES;
				CLANG_WARN_DIRECT_OBJC_ISA_USAGE = YES_ERROR;
				CLANG_WARN_DOCUMENTATION_COMMENTS = YES;
				CLANG_WARN_EMPTY_BODY = YES;
				CLANG_WARN_ENUM_CONVERSION = YES;
				CLANG_WARN_INFINITE_RECURSION = YES;
				CLANG_WARN_INT_CONVERSION = YES;
				CLANG_WARN_OBJC_ROOT_CLASS = YES_ERROR;
				CLANG_WARN_SUSPICIOUS_MOVE = YES;
				CLANG_WARN_UNREACHABLE_CODE = YES;
				CLANG_WARN__DUPLICATE_METHOD_MATCH = YES;
				"CODE_SIGN_IDENTITY[sdk=iphoneos*]" = "iPhone Developer";
				COPY_PHASE_STRIP = NO;
				DEBUG_INFORMATION_FORMAT = dwarf;
				ENABLE_STRICT_OBJC_MSGSEND = YES;
				ENABLE_TESTABILITY = YES;
				GCC_C_LANGUAGE_STANDARD = gnu99;
				GCC_DYNAMIC_NO_PIC = NO;
				GCC_NO_COMMON_BLOCKS = YES;
				GCC_OPTIMIZATION_LEVEL = 0;
				GCC_PREPROCESSOR_DEFINITIONS = (
					"DEBUG=1",
					"$(inherited)",
				);
				GCC_WARN_64_TO_32_BIT_CONVERSION = YES;
				GCC_WARN_ABOUT_RETURN_TYPE = YES_ERROR;
				GCC_WARN_UNDECLARED_SELECTOR = YES;
				GCC_WARN_UNINITIALIZED_AUTOS = YES_AGGRESSIVE;
				GCC_WARN_UNUSED_FUNCTION = YES;
				GCC_WARN_UNUSED_VARIABLE = YES;
				IPHONEOS_DEPLOYMENT_TARGET = 10.3;
				MTL_ENABLE_DEBUG_INFO = YES;
				ONLY_ACTIVE_ARCH = YES;
				SDKROOT = iphoneos;
				SWIFT_ACTIVE_COMPILATION_CONDITIONS = DEBUG;
				SWIFT_OPTIMIZATION_LEVEL = "-Onone";
			};
			name = Debug;
		};
		B805FB311F1AA86B00B7DE41 /* Release */ = {
			isa = XCBuildConfiguration;
			buildSettings = {
				ALWAYS_SEARCH_USER_PATHS = NO;
				CLANG_ANALYZER_NONNULL = YES;
				CLANG_ANALYZER_NUMBER_OBJECT_CONVERSION = YES_AGGRESSIVE;
				CLANG_CXX_LANGUAGE_STANDARD = "gnu++0x";
				CLANG_CXX_LIBRARY = "libc++";
				CLANG_ENABLE_MODULES = YES;
				CLANG_ENABLE_OBJC_ARC = YES;
				CLANG_WARN_BOOL_CONVERSION = YES;
				CLANG_WARN_CONSTANT_CONVERSION = YES;
				CLANG_WARN_DIRECT_OBJC_ISA_USAGE = YES_ERROR;
				CLANG_WARN_DOCUMENTATION_COMMENTS = YES;
				CLANG_WARN_EMPTY_BODY = YES;
				CLANG_WARN_ENUM_CONVERSION = YES;
				CLANG_WARN_INFINITE_RECURSION = YES;
				CLANG_WARN_INT_CONVERSION = YES;
				CLANG_WARN_OBJC_ROOT_CLASS = YES_ERROR;
				CLANG_WARN_SUSPICIOUS_MOVE = YES;
				CLANG_WARN_UNREACHABLE_CODE = YES;
				CLANG_WARN__DUPLICATE_METHOD_MATCH = YES;
				"CODE_SIGN_IDENTITY[sdk=iphoneos*]" = "iPhone Developer";
				COPY_PHASE_STRIP = NO;
				DEBUG_INFORMATION_FORMAT = "dwarf-with-dsym";
				ENABLE_NS_ASSERTIONS = NO;
				ENABLE_STRICT_OBJC_MSGSEND = YES;
				GCC_C_LANGUAGE_STANDARD = gnu99;
				GCC_NO_COMMON_BLOCKS = YES;
				GCC_WARN_64_TO_32_BIT_CONVERSION = YES;
				GCC_WARN_ABOUT_RETURN_TYPE = YES_ERROR;
				GCC_WARN_UNDECLARED_SELECTOR = YES;
				GCC_WARN_UNINITIALIZED_AUTOS = YES_AGGRESSIVE;
				GCC_WARN_UNUSED_FUNCTION = YES;
				GCC_WARN_UNUSED_VARIABLE = YES;
				IPHONEOS_DEPLOYMENT_TARGET = 10.3;
				MTL_ENABLE_DEBUG_INFO = NO;
				SDKROOT = iphoneos;
				SWIFT_OPTIMIZATION_LEVEL = "-Owholemodule";
				VALIDATE_PRODUCT = YES;
			};
			name = Release;
		};
		B805FB331F1AA86B00B7DE41 /* Debug */ = {
			isa = XCBuildConfiguration;
			baseConfigurationReference = 1CE56ED0F50C18388C527648 /* Pods-HomeTapHomie.debug.xcconfig */;
			buildSettings = {
				ASSETCATALOG_COMPILER_APPICON_NAME = AppIcon;
				DEVELOPMENT_TEAM = 2M7FAZNPY2;
				INFOPLIST_FILE = HomeTapHomie/Info.plist;
				LD_RUNPATH_SEARCH_PATHS = "$(inherited) @executable_path/Frameworks";
				PRODUCT_BUNDLE_IDENTIFIER = com.tresastronautas.ios.hometap.homie;
				PRODUCT_NAME = "$(TARGET_NAME)";
				SWIFT_VERSION = 3.0;
			};
			name = Debug;
		};
		B805FB341F1AA86B00B7DE41 /* Release */ = {
			isa = XCBuildConfiguration;
			baseConfigurationReference = C64C375FC08B5A608182D705 /* Pods-HomeTapHomie.release.xcconfig */;
			buildSettings = {
				ASSETCATALOG_COMPILER_APPICON_NAME = AppIcon;
				DEVELOPMENT_TEAM = 2M7FAZNPY2;
				INFOPLIST_FILE = HomeTapHomie/Info.plist;
				LD_RUNPATH_SEARCH_PATHS = "$(inherited) @executable_path/Frameworks";
				PRODUCT_BUNDLE_IDENTIFIER = com.tresastronautas.ios.hometap.homie;
				PRODUCT_NAME = "$(TARGET_NAME)";
				SWIFT_VERSION = 3.0;
			};
			name = Release;
		};
		B805FB361F1AA86B00B7DE41 /* Debug */ = {
			isa = XCBuildConfiguration;
			buildSettings = {
				ALWAYS_EMBED_SWIFT_STANDARD_LIBRARIES = YES;
				BUNDLE_LOADER = "$(TEST_HOST)";
				INFOPLIST_FILE = HomeTapHomieTests/Info.plist;
				LD_RUNPATH_SEARCH_PATHS = "$(inherited) @executable_path/Frameworks @loader_path/Frameworks";
				PRODUCT_BUNDLE_IDENTIFIER = com.tresAstronautas.HomeTapHomieTests;
				PRODUCT_NAME = "$(TARGET_NAME)";
				SWIFT_VERSION = 3.0;
				TEST_HOST = "$(BUILT_PRODUCTS_DIR)/HomeTapHomie.app/HomeTapHomie";
			};
			name = Debug;
		};
		B805FB371F1AA86B00B7DE41 /* Release */ = {
			isa = XCBuildConfiguration;
			buildSettings = {
				ALWAYS_EMBED_SWIFT_STANDARD_LIBRARIES = YES;
				BUNDLE_LOADER = "$(TEST_HOST)";
				INFOPLIST_FILE = HomeTapHomieTests/Info.plist;
				LD_RUNPATH_SEARCH_PATHS = "$(inherited) @executable_path/Frameworks @loader_path/Frameworks";
				PRODUCT_BUNDLE_IDENTIFIER = com.tresAstronautas.HomeTapHomieTests;
				PRODUCT_NAME = "$(TARGET_NAME)";
				SWIFT_VERSION = 3.0;
				TEST_HOST = "$(BUILT_PRODUCTS_DIR)/HomeTapHomie.app/HomeTapHomie";
			};
			name = Release;
		};
		B805FB391F1AA86B00B7DE41 /* Debug */ = {
			isa = XCBuildConfiguration;
			buildSettings = {
				ALWAYS_EMBED_SWIFT_STANDARD_LIBRARIES = YES;
				INFOPLIST_FILE = HomeTapHomieUITests/Info.plist;
				LD_RUNPATH_SEARCH_PATHS = "$(inherited) @executable_path/Frameworks @loader_path/Frameworks";
				PRODUCT_BUNDLE_IDENTIFIER = com.tresAstronautas.HomeTapHomieUITests;
				PRODUCT_NAME = "$(TARGET_NAME)";
				SWIFT_VERSION = 3.0;
				TEST_TARGET_NAME = HomeTapHomie;
			};
			name = Debug;
		};
		B805FB3A1F1AA86B00B7DE41 /* Release */ = {
			isa = XCBuildConfiguration;
			buildSettings = {
				ALWAYS_EMBED_SWIFT_STANDARD_LIBRARIES = YES;
				INFOPLIST_FILE = HomeTapHomieUITests/Info.plist;
				LD_RUNPATH_SEARCH_PATHS = "$(inherited) @executable_path/Frameworks @loader_path/Frameworks";
				PRODUCT_BUNDLE_IDENTIFIER = com.tresAstronautas.HomeTapHomieUITests;
				PRODUCT_NAME = "$(TARGET_NAME)";
				SWIFT_VERSION = 3.0;
				TEST_TARGET_NAME = HomeTapHomie;
			};
			name = Release;
		};
/* End XCBuildConfiguration section */

/* Begin XCConfigurationList section */
		B805FB051F1AA86B00B7DE41 /* Build configuration list for PBXProject "HomeTapHomie" */ = {
			isa = XCConfigurationList;
			buildConfigurations = (
				B805FB301F1AA86B00B7DE41 /* Debug */,
				B805FB311F1AA86B00B7DE41 /* Release */,
			);
			defaultConfigurationIsVisible = 0;
			defaultConfigurationName = Release;
		};
		B805FB321F1AA86B00B7DE41 /* Build configuration list for PBXNativeTarget "HomeTapHomie" */ = {
			isa = XCConfigurationList;
			buildConfigurations = (
				B805FB331F1AA86B00B7DE41 /* Debug */,
				B805FB341F1AA86B00B7DE41 /* Release */,
			);
			defaultConfigurationIsVisible = 0;
			defaultConfigurationName = Release;
		};
		B805FB351F1AA86B00B7DE41 /* Build configuration list for PBXNativeTarget "HomeTapHomieTests" */ = {
			isa = XCConfigurationList;
			buildConfigurations = (
				B805FB361F1AA86B00B7DE41 /* Debug */,
				B805FB371F1AA86B00B7DE41 /* Release */,
			);
			defaultConfigurationIsVisible = 0;
			defaultConfigurationName = Release;
		};
		B805FB381F1AA86B00B7DE41 /* Build configuration list for PBXNativeTarget "HomeTapHomieUITests" */ = {
			isa = XCConfigurationList;
			buildConfigurations = (
				B805FB391F1AA86B00B7DE41 /* Debug */,
				B805FB3A1F1AA86B00B7DE41 /* Release */,
			);
			defaultConfigurationIsVisible = 0;
			defaultConfigurationName = Release;
		};
/* End XCConfigurationList section */
	};
	rootObject = B805FB021F1AA86B00B7DE41 /* Project object */;
}
